
Microsoft Visual Studio Solution File, Format Version 12.00
# Visual Studio Version 16
VisualStudioVersion = 16.0.30225.117
MinimumVisualStudioVersion = 10.0.40219.1
Project("{FAE04EC0-301F-11D3-BF4B-00C04F79EFBC}") = "Yugen.DJ", "Yugen.DJ\Yugen.DJ.csproj", "{CF6D3F2C-B3C6-48F6-B08E-FB66CF453097}"
EndProject
Project("{FAE04EC0-301F-11D3-BF4B-00C04F79EFBC}") = "Yugen.Audio.Samples", "Yugen.Audio.Samples\Yugen.Audio.Samples.csproj", "{9AE228E3-A946-4A3F-B544-DDCC389CA510}"
EndProject
Project("{8BC9CEB8-8B4A-11D0-8D11-00A0C91BC942}") = "AudioVisualizer", "AudioVisualizer\AudioVisualizer.vcxproj", "{3688DB1F-C316-4CB8-B78D-600BC326F30C}"
EndProject
Global
	GlobalSection(SolutionConfigurationPlatforms) = preSolution
		Debug|Any CPU = Debug|Any CPU
		Debug|ARM = Debug|ARM
		Debug|ARM64 = Debug|ARM64
		Debug|x64 = Debug|x64
		Debug|x86 = Debug|x86
		Release|Any CPU = Release|Any CPU
		Release|ARM = Release|ARM
		Release|ARM64 = Release|ARM64
		Release|x64 = Release|x64
		Release|x86 = Release|x86
	EndGlobalSection
	GlobalSection(ProjectConfigurationPlatforms) = postSolution
		{CF6D3F2C-B3C6-48F6-B08E-FB66CF453097}.Debug|Any CPU.ActiveCfg = Debug|x86
		{CF6D3F2C-B3C6-48F6-B08E-FB66CF453097}.Debug|ARM.ActiveCfg = Debug|ARM
		{CF6D3F2C-B3C6-48F6-B08E-FB66CF453097}.Debug|ARM.Build.0 = Debug|ARM
		{CF6D3F2C-B3C6-48F6-B08E-FB66CF453097}.Debug|ARM.Deploy.0 = Debug|ARM
		{CF6D3F2C-B3C6-48F6-B08E-FB66CF453097}.Debug|ARM64.ActiveCfg = Debug|ARM64
		{CF6D3F2C-B3C6-48F6-B08E-FB66CF453097}.Debug|ARM64.Build.0 = Debug|ARM64
		{CF6D3F2C-B3C6-48F6-B08E-FB66CF453097}.Debug|ARM64.Deploy.0 = Debug|ARM64
		{CF6D3F2C-B3C6-48F6-B08E-FB66CF453097}.Debug|x64.ActiveCfg = Debug|x64
		{CF6D3F2C-B3C6-48F6-B08E-FB66CF453097}.Debug|x64.Build.0 = Debug|x64
		{CF6D3F2C-B3C6-48F6-B08E-FB66CF453097}.Debug|x64.Deploy.0 = Debug|x64
		{CF6D3F2C-B3C6-48F6-B08E-FB66CF453097}.Debug|x86.ActiveCfg = Debug|x86
		{CF6D3F2C-B3C6-48F6-B08E-FB66CF453097}.Debug|x86.Build.0 = Debug|x86
		{CF6D3F2C-B3C6-48F6-B08E-FB66CF453097}.Debug|x86.Deploy.0 = Debug|x86
		{CF6D3F2C-B3C6-48F6-B08E-FB66CF453097}.Release|Any CPU.ActiveCfg = Release|x86
		{CF6D3F2C-B3C6-48F6-B08E-FB66CF453097}.Release|ARM.ActiveCfg = Release|ARM
		{CF6D3F2C-B3C6-48F6-B08E-FB66CF453097}.Release|ARM.Build.0 = Release|ARM
		{CF6D3F2C-B3C6-48F6-B08E-FB66CF453097}.Release|ARM.Deploy.0 = Release|ARM
		{CF6D3F2C-B3C6-48F6-B08E-FB66CF453097}.Release|ARM64.ActiveCfg = Release|ARM64
		{CF6D3F2C-B3C6-48F6-B08E-FB66CF453097}.Release|ARM64.Build.0 = Release|ARM64
		{CF6D3F2C-B3C6-48F6-B08E-FB66CF453097}.Release|ARM64.Deploy.0 = Release|ARM64
		{CF6D3F2C-B3C6-48F6-B08E-FB66CF453097}.Release|x64.ActiveCfg = Release|x64
		{CF6D3F2C-B3C6-48F6-B08E-FB66CF453097}.Release|x64.Build.0 = Release|x64
		{CF6D3F2C-B3C6-48F6-B08E-FB66CF453097}.Release|x64.Deploy.0 = Release|x64
		{CF6D3F2C-B3C6-48F6-B08E-FB66CF453097}.Release|x86.ActiveCfg = Release|x86
		{CF6D3F2C-B3C6-48F6-B08E-FB66CF453097}.Release|x86.Build.0 = Release|x86
		{CF6D3F2C-B3C6-48F6-B08E-FB66CF453097}.Release|x86.Deploy.0 = Release|x86
		{9AE228E3-A946-4A3F-B544-DDCC389CA510}.Debug|Any CPU.ActiveCfg = Debug|x86
		{9AE228E3-A946-4A3F-B544-DDCC389CA510}.Debug|ARM.ActiveCfg = Debug|ARM
		{9AE228E3-A946-4A3F-B544-DDCC389CA510}.Debug|ARM.Build.0 = Debug|ARM
		{9AE228E3-A946-4A3F-B544-DDCC389CA510}.Debug|ARM.Deploy.0 = Debug|ARM
		{9AE228E3-A946-4A3F-B544-DDCC389CA510}.Debug|ARM64.ActiveCfg = Debug|ARM64
		{9AE228E3-A946-4A3F-B544-DDCC389CA510}.Debug|ARM64.Build.0 = Debug|ARM64
		{9AE228E3-A946-4A3F-B544-DDCC389CA510}.Debug|ARM64.Deploy.0 = Debug|ARM64
		{9AE228E3-A946-4A3F-B544-DDCC389CA510}.Debug|x64.ActiveCfg = Debug|x64
		{9AE228E3-A946-4A3F-B544-DDCC389CA510}.Debug|x64.Build.0 = Debug|x64
		{9AE228E3-A946-4A3F-B544-DDCC389CA510}.Debug|x64.Deploy.0 = Debug|x64
		{9AE228E3-A946-4A3F-B544-DDCC389CA510}.Debug|x86.ActiveCfg = Debug|x86
		{9AE228E3-A946-4A3F-B544-DDCC389CA510}.Debug|x86.Build.0 = Debug|x86
		{9AE228E3-A946-4A3F-B544-DDCC389CA510}.Debug|x86.Deploy.0 = Debug|x86
		{9AE228E3-A946-4A3F-B544-DDCC389CA510}.Release|Any CPU.ActiveCfg = Release|x86
		{9AE228E3-A946-4A3F-B544-DDCC389CA510}.Release|ARM.ActiveCfg = Release|ARM
		{9AE228E3-A946-4A3F-B544-DDCC389CA510}.Release|ARM.Build.0 = Release|ARM
		{9AE228E3-A946-4A3F-B544-DDCC389CA510}.Release|ARM.Deploy.0 = Release|ARM
		{9AE228E3-A946-4A3F-B544-DDCC389CA510}.Release|ARM64.ActiveCfg = Release|ARM64
		{9AE228E3-A946-4A3F-B544-DDCC389CA510}.Release|ARM64.Build.0 = Release|ARM64
		{9AE228E3-A946-4A3F-B544-DDCC389CA510}.Release|ARM64.Deploy.0 = Release|ARM64
		{9AE228E3-A946-4A3F-B544-DDCC389CA510}.Release|x64.ActiveCfg = Release|x64
		{9AE228E3-A946-4A3F-B544-DDCC389CA510}.Release|x64.Build.0 = Release|x64
		{9AE228E3-A946-4A3F-B544-DDCC389CA510}.Release|x64.Deploy.0 = Release|x64
		{9AE228E3-A946-4A3F-B544-DDCC389CA510}.Release|x86.ActiveCfg = Release|x86
		{9AE228E3-A946-4A3F-B544-DDCC389CA510}.Release|x86.Build.0 = Release|x86
		{9AE228E3-A946-4A3F-B544-DDCC389CA510}.Release|x86.Deploy.0 = Release|x86
		{3688DB1F-C316-4CB8-B78D-600BC326F30C}.Debug|Any CPU.ActiveCfg = Debug|Win32
		{3688DB1F-C316-4CB8-B78D-600BC326F30C}.Debug|ARM.ActiveCfg = Debug|ARM
		{3688DB1F-C316-4CB8-B78D-600BC326F30C}.Debug|ARM.Build.0 = Debug|ARM
		{3688DB1F-C316-4CB8-B78D-600BC326F30C}.Debug|ARM64.ActiveCfg = Debug|ARM64
		{3688DB1F-C316-4CB8-B78D-600BC326F30C}.Debug|ARM64.Build.0 = Debug|ARM64
		{3688DB1F-C316-4CB8-B78D-600BC326F30C}.Debug|x64.ActiveCfg = Debug|x64
		{3688DB1F-C316-4CB8-B78D-600BC326F30C}.Debug|x64.Build.0 = Debug|x64
		{3688DB1F-C316-4CB8-B78D-600BC326F30C}.Debug|x86.ActiveCfg = Debug|Win32
		{3688DB1F-C316-4CB8-B78D-600BC326F30C}.Debug|x86.Build.0 = Debug|Win32
		{3688DB1F-C316-4CB8-B78D-600BC326F30C}.Release|Any CPU.ActiveCfg = Release|Win32
		{3688DB1F-C316-4CB8-B78D-600BC326F30C}.Release|ARM.ActiveCfg = Release|ARM
		{3688DB1F-C316-4CB8-B78D-600BC326F30C}.Release|ARM.Build.0 = Release|ARM
		{3688DB1F-C316-4CB8-B78D-600BC326F30C}.Release|ARM64.ActiveCfg = Release|ARM64
		{3688DB1F-C316-4CB8-B78D-600BC326F30C}.Release|ARM64.Build.0 = Release|ARM64
		{3688DB1F-C316-4CB8-B78D-600BC326F30C}.Release|x64.ActiveCfg = Release|x64
		{3688DB1F-C316-4CB8-B78D-600BC326F30C}.Release|x64.Build.0 = Release|x64
		{3688DB1F-C316-4CB8-B78D-600BC326F30C}.Release|x86.ActiveCfg = Release|Win32
		{3688DB1F-C316-4CB8-B78D-600BC326F30C}.Release|x86.Build.0 = Release|Win32
	EndGlobalSection
	GlobalSection(SolutionProperties) = preSolution
		HideSolutionNode = FALSE
	EndGlobalSection
	GlobalSection(ExtensibilityGlobals) = postSolution
		SolutionGuid = {6D795973-50F3-48C1-9D27-63755F6BE06C}
	EndGlobalSection
EndGlobal
