
Microsoft Visual Studio Solution File, Format Version 12.00
# Visual Studio Version 16
VisualStudioVersion = 16.0.31605.320
MinimumVisualStudioVersion = 10.0.40219.1
Project("{FAE04EC0-301F-11D3-BF4B-00C04F79EFBC}") = "Yugen.DJ", "Yugen.DJ\Yugen.DJ.csproj", "{CF6D3F2C-B3C6-48F6-B08E-FB66CF453097}"
EndProject
Project("{FAE04EC0-301F-11D3-BF4B-00C04F79EFBC}") = "Yugen.Audio.Samples", "Yugen.Audio.Samples\Yugen.Audio.Samples.csproj", "{9AE228E3-A946-4A3F-B544-DDCC389CA510}"
EndProject
Project("{FAE04EC0-301F-11D3-BF4B-00C04F79EFBC}") = "Yugen.Toolkit.Uwp.Audio.Controls", "Yugen.Toolkit.Uwp.Audio.Controls\Yugen.Toolkit.Uwp.Audio.Controls.csproj", "{A8B69E7A-9046-450F-A369-A0E29A0B57FB}"
EndProject
Project("{FAE04EC0-301F-11D3-BF4B-00C04F79EFBC}") = "Yugen.DJ.Uwp", "Yugen.DJ.Uwp\Yugen.DJ.Uwp.csproj", "{1A4C16C9-4BD7-4CB2-A51B-D0F06466157E}"
EndProject
Project("{FAE04EC0-301F-11D3-BF4B-00C04F79EFBC}") = "Yugen.Toolkit.Uwp.Audio.Services.Abstractions", "Yugen.Toolkit.Uwp.Audio.Services.Abstractions\Yugen.Toolkit.Uwp.Audio.Services.Abstractions.csproj", "{BDD73429-0041-47D2-9CA9-8D669FFC4CDD}"
EndProject
Project("{FAE04EC0-301F-11D3-BF4B-00C04F79EFBC}") = "Yugen.Toolkit.Uwp.Audio.Services.NAudio", "Yugen.Toolkit.Uwp.Audio.Services.NAudio\Yugen.Toolkit.Uwp.Audio.Services.NAudio.csproj", "{C36A19C8-C53A-481E-9057-A5B7FDDC988C}"
EndProject
Project("{FAE04EC0-301F-11D3-BF4B-00C04F79EFBC}") = "Yugen.Toolkit.Uwp.Audio.Services.Bass", "Yugen.Toolkit.Uwp.Audio.Services.Bass\Yugen.Toolkit.Uwp.Audio.Services.Bass.csproj", "{E32CC781-64B3-4B05-BECE-C9E5F69E01B6}"
EndProject
Project("{FAE04EC0-301F-11D3-BF4B-00C04F79EFBC}") = "Yugen.Toolkit.Uwp.Audio.Services.Common", "Yugen.Toolkit.Uwp.Audio.Services.Common\Yugen.Toolkit.Uwp.Audio.Services.Common.csproj", "{4623F944-D15C-4364-9EE8-07F5E757A04C}"
EndProject
Project("{FAE04EC0-301F-11D3-BF4B-00C04F79EFBC}") = "Yugen.Toolkit.Uwp.Audio.Services.AudioGraph", "Yugen.Toolkit.Uwp.Audio.Services.AudioGraph\Yugen.Toolkit.Uwp.Audio.Services.AudioGraph.csproj", "{196CFD93-4D2F-4CA6-B927-D5C8B9566679}"
EndProject
Project("{2150E333-8FDC-42A3-9474-1A3956D46DE8}") = "Docs", "Docs", "{BC3C720D-F6C3-449E-8723-3B6F093BA11F}"
	ProjectSection(SolutionItems) = preProject
		Docs\Info.md = Docs\Info.md
		Docs\MockupDark.png = Docs\MockupDark.png
		Docs\MockupLight.png = Docs\MockupLight.png
		README.md = README.md
	EndProjectSection
EndProject
Global
	GlobalSection(SolutionConfigurationPlatforms) = preSolution
		Debug|ARM64 = Debug|ARM64
		Debug|x64 = Debug|x64
		Release|ARM64 = Release|ARM64
		Release|x64 = Release|x64
	EndGlobalSection
	GlobalSection(ProjectConfigurationPlatforms) = postSolution
		{CF6D3F2C-B3C6-48F6-B08E-FB66CF453097}.Debug|ARM64.ActiveCfg = Debug|ARM64
		{CF6D3F2C-B3C6-48F6-B08E-FB66CF453097}.Debug|ARM64.Build.0 = Debug|ARM64
		{CF6D3F2C-B3C6-48F6-B08E-FB66CF453097}.Debug|ARM64.Deploy.0 = Debug|ARM64
		{CF6D3F2C-B3C6-48F6-B08E-FB66CF453097}.Debug|x64.ActiveCfg = Debug|x64
		{CF6D3F2C-B3C6-48F6-B08E-FB66CF453097}.Debug|x64.Build.0 = Debug|x64
		{CF6D3F2C-B3C6-48F6-B08E-FB66CF453097}.Debug|x64.Deploy.0 = Debug|x64
		{CF6D3F2C-B3C6-48F6-B08E-FB66CF453097}.Release|ARM64.ActiveCfg = Release|ARM64
		{CF6D3F2C-B3C6-48F6-B08E-FB66CF453097}.Release|ARM64.Build.0 = Release|ARM64
		{CF6D3F2C-B3C6-48F6-B08E-FB66CF453097}.Release|ARM64.Deploy.0 = Release|ARM64
		{CF6D3F2C-B3C6-48F6-B08E-FB66CF453097}.Release|x64.ActiveCfg = Release|x64
		{CF6D3F2C-B3C6-48F6-B08E-FB66CF453097}.Release|x64.Build.0 = Release|x64
		{CF6D3F2C-B3C6-48F6-B08E-FB66CF453097}.Release|x64.Deploy.0 = Release|x64
		{9AE228E3-A946-4A3F-B544-DDCC389CA510}.Debug|ARM64.ActiveCfg = Debug|ARM64
		{9AE228E3-A946-4A3F-B544-DDCC389CA510}.Debug|ARM64.Build.0 = Debug|ARM64
		{9AE228E3-A946-4A3F-B544-DDCC389CA510}.Debug|ARM64.Deploy.0 = Debug|ARM64
		{9AE228E3-A946-4A3F-B544-DDCC389CA510}.Debug|x64.ActiveCfg = Debug|x64
		{9AE228E3-A946-4A3F-B544-DDCC389CA510}.Debug|x64.Build.0 = Debug|x64
		{9AE228E3-A946-4A3F-B544-DDCC389CA510}.Debug|x64.Deploy.0 = Debug|x64
		{9AE228E3-A946-4A3F-B544-DDCC389CA510}.Release|ARM64.ActiveCfg = Release|ARM64
		{9AE228E3-A946-4A3F-B544-DDCC389CA510}.Release|ARM64.Build.0 = Release|ARM64
		{9AE228E3-A946-4A3F-B544-DDCC389CA510}.Release|ARM64.Deploy.0 = Release|ARM64
		{9AE228E3-A946-4A3F-B544-DDCC389CA510}.Release|x64.ActiveCfg = Release|x64
		{9AE228E3-A946-4A3F-B544-DDCC389CA510}.Release|x64.Build.0 = Release|x64
		{9AE228E3-A946-4A3F-B544-DDCC389CA510}.Release|x64.Deploy.0 = Release|x64
		{A8B69E7A-9046-450F-A369-A0E29A0B57FB}.Debug|ARM64.ActiveCfg = Debug|ARM64
		{A8B69E7A-9046-450F-A369-A0E29A0B57FB}.Debug|ARM64.Build.0 = Debug|ARM64
		{A8B69E7A-9046-450F-A369-A0E29A0B57FB}.Debug|x64.ActiveCfg = Debug|x64
		{A8B69E7A-9046-450F-A369-A0E29A0B57FB}.Debug|x64.Build.0 = Debug|x64
		{A8B69E7A-9046-450F-A369-A0E29A0B57FB}.Release|ARM64.ActiveCfg = Release|ARM64
		{A8B69E7A-9046-450F-A369-A0E29A0B57FB}.Release|ARM64.Build.0 = Release|ARM64
		{A8B69E7A-9046-450F-A369-A0E29A0B57FB}.Release|x64.ActiveCfg = Release|x64
		{A8B69E7A-9046-450F-A369-A0E29A0B57FB}.Release|x64.Build.0 = Release|x64
		{1A4C16C9-4BD7-4CB2-A51B-D0F06466157E}.Debug|ARM64.ActiveCfg = Debug|ARM64
		{1A4C16C9-4BD7-4CB2-A51B-D0F06466157E}.Debug|ARM64.Build.0 = Debug|ARM64
		{1A4C16C9-4BD7-4CB2-A51B-D0F06466157E}.Debug|ARM64.Deploy.0 = Debug|ARM64
		{1A4C16C9-4BD7-4CB2-A51B-D0F06466157E}.Debug|x64.ActiveCfg = Debug|x64
		{1A4C16C9-4BD7-4CB2-A51B-D0F06466157E}.Debug|x64.Build.0 = Debug|x64
		{1A4C16C9-4BD7-4CB2-A51B-D0F06466157E}.Debug|x64.Deploy.0 = Debug|x64
		{1A4C16C9-4BD7-4CB2-A51B-D0F06466157E}.Release|ARM64.ActiveCfg = Release|ARM64
		{1A4C16C9-4BD7-4CB2-A51B-D0F06466157E}.Release|ARM64.Build.0 = Release|ARM64
		{1A4C16C9-4BD7-4CB2-A51B-D0F06466157E}.Release|ARM64.Deploy.0 = Release|ARM64
		{1A4C16C9-4BD7-4CB2-A51B-D0F06466157E}.Release|x64.ActiveCfg = Release|x64
		{1A4C16C9-4BD7-4CB2-A51B-D0F06466157E}.Release|x64.Build.0 = Release|x64
		{1A4C16C9-4BD7-4CB2-A51B-D0F06466157E}.Release|x64.Deploy.0 = Release|x64
		{BDD73429-0041-47D2-9CA9-8D669FFC4CDD}.Debug|ARM64.ActiveCfg = Debug|ARM64
		{BDD73429-0041-47D2-9CA9-8D669FFC4CDD}.Debug|ARM64.Build.0 = Debug|ARM64
		{BDD73429-0041-47D2-9CA9-8D669FFC4CDD}.Debug|x64.ActiveCfg = Debug|x64
		{BDD73429-0041-47D2-9CA9-8D669FFC4CDD}.Debug|x64.Build.0 = Debug|x64
		{BDD73429-0041-47D2-9CA9-8D669FFC4CDD}.Release|ARM64.ActiveCfg = Release|ARM64
		{BDD73429-0041-47D2-9CA9-8D669FFC4CDD}.Release|ARM64.Build.0 = Release|ARM64
		{BDD73429-0041-47D2-9CA9-8D669FFC4CDD}.Release|x64.ActiveCfg = Release|x64
		{BDD73429-0041-47D2-9CA9-8D669FFC4CDD}.Release|x64.Build.0 = Release|x64
		{C36A19C8-C53A-481E-9057-A5B7FDDC988C}.Debug|ARM64.ActiveCfg = Debug|ARM64
		{C36A19C8-C53A-481E-9057-A5B7FDDC988C}.Debug|ARM64.Build.0 = Debug|ARM64
		{C36A19C8-C53A-481E-9057-A5B7FDDC988C}.Debug|x64.ActiveCfg = Debug|x64
		{C36A19C8-C53A-481E-9057-A5B7FDDC988C}.Debug|x64.Build.0 = Debug|x64
		{C36A19C8-C53A-481E-9057-A5B7FDDC988C}.Release|ARM64.ActiveCfg = Release|ARM64
		{C36A19C8-C53A-481E-9057-A5B7FDDC988C}.Release|ARM64.Build.0 = Release|ARM64
		{C36A19C8-C53A-481E-9057-A5B7FDDC988C}.Release|x64.ActiveCfg = Release|x64
		{C36A19C8-C53A-481E-9057-A5B7FDDC988C}.Release|x64.Build.0 = Release|x64
		{E32CC781-64B3-4B05-BECE-C9E5F69E01B6}.Debug|ARM64.ActiveCfg = Debug|ARM64
		{E32CC781-64B3-4B05-BECE-C9E5F69E01B6}.Debug|ARM64.Build.0 = Debug|ARM64
		{E32CC781-64B3-4B05-BECE-C9E5F69E01B6}.Debug|x64.ActiveCfg = Debug|x64
		{E32CC781-64B3-4B05-BECE-C9E5F69E01B6}.Debug|x64.Build.0 = Debug|x64
		{E32CC781-64B3-4B05-BECE-C9E5F69E01B6}.Release|ARM64.ActiveCfg = Release|ARM64
		{E32CC781-64B3-4B05-BECE-C9E5F69E01B6}.Release|ARM64.Build.0 = Release|ARM64
		{E32CC781-64B3-4B05-BECE-C9E5F69E01B6}.Release|x64.ActiveCfg = Release|x64
		{E32CC781-64B3-4B05-BECE-C9E5F69E01B6}.Release|x64.Build.0 = Release|x64
		{4623F944-D15C-4364-9EE8-07F5E757A04C}.Debug|ARM64.ActiveCfg = Debug|ARM64
		{4623F944-D15C-4364-9EE8-07F5E757A04C}.Debug|ARM64.Build.0 = Debug|ARM64
		{4623F944-D15C-4364-9EE8-07F5E757A04C}.Debug|x64.ActiveCfg = Debug|x64
		{4623F944-D15C-4364-9EE8-07F5E757A04C}.Debug|x64.Build.0 = Debug|x64
		{4623F944-D15C-4364-9EE8-07F5E757A04C}.Release|ARM64.ActiveCfg = Release|ARM64
		{4623F944-D15C-4364-9EE8-07F5E757A04C}.Release|ARM64.Build.0 = Release|ARM64
		{4623F944-D15C-4364-9EE8-07F5E757A04C}.Release|x64.ActiveCfg = Release|x64
		{4623F944-D15C-4364-9EE8-07F5E757A04C}.Release|x64.Build.0 = Release|x64
		{196CFD93-4D2F-4CA6-B927-D5C8B9566679}.Debug|ARM64.ActiveCfg = Debug|ARM64
		{196CFD93-4D2F-4CA6-B927-D5C8B9566679}.Debug|ARM64.Build.0 = Debug|ARM64
		{196CFD93-4D2F-4CA6-B927-D5C8B9566679}.Debug|x64.ActiveCfg = Debug|x64
		{196CFD93-4D2F-4CA6-B927-D5C8B9566679}.Debug|x64.Build.0 = Debug|x64
		{196CFD93-4D2F-4CA6-B927-D5C8B9566679}.Release|ARM64.ActiveCfg = Release|ARM64
		{196CFD93-4D2F-4CA6-B927-D5C8B9566679}.Release|ARM64.Build.0 = Release|ARM64
		{196CFD93-4D2F-4CA6-B927-D5C8B9566679}.Release|x64.ActiveCfg = Release|x64
		{196CFD93-4D2F-4CA6-B927-D5C8B9566679}.Release|x64.Build.0 = Release|x64
	EndGlobalSection
	GlobalSection(SolutionProperties) = preSolution
		HideSolutionNode = FALSE
	EndGlobalSection
	GlobalSection(ExtensibilityGlobals) = postSolution
		SolutionGuid = {6D795973-50F3-48C1-9D27-63755F6BE06C}
	EndGlobalSection
EndGlobal
